{
  "name": "stagecraftlabs",
  "version": "0.0.0",
  "lockfileVersion": 3,
  "requires": true,
  "packages": {
    "": {
      "name": "stagecraftlabs",
      "version": "0.0.0",
      "license": "ISC",
      "workspaces": [
        "client",
        "server"
      ],
      "devDependencies": {},
      "engines": {
        "node": "24.x"
      }
    },
    "client": {},
    "node_modules/client": {
      "resolved": "client",
      "link": true
    },
    "node_modules/server": {
      "resolved": "server",
      "link": true
    },
    "server": {}
  }
}
